PODS:
  - AWSCore (2.5.2)
  - AWSS3 (2.5.2):
    - AWSCore (= 2.5.2)

DEPENDENCIES:
  - AWSS3 (~> 2.5.0)

SPEC CHECKSUMS:
  AWSCore: b2fe455c2c7d6653521238c5b0b0ddb67ec4f063
  AWSS3: 1f53d780bae0a5949f11da99520c14684bc90af0

PODFILE CHECKSUM: 997d139f8e0801cb668ad2d6e3f9d12e2df77930

COCOAPODS: 1.1.1
